// !$*UTF8*$!
{
	archiveVersion = 1;
	classes = {
	};
	objectVersion = 56;
	objects = {

/* Begin PBXBuildFile section */
		F91000000000000000000001 /* GaussianFrameGenerator.swift in Sources */ = {isa = PBXBuildFile; fileRef = F91000000000000000000002 /* GaussianFrameGenerator.swift */; };
		F91000000000000000000003 /* GaussianMetalView.swift in Sources */ = {isa = PBXBuildFile; fileRef = F91000000000000000000004 /* GaussianMetalView.swift */; };
		F91000000000000000000005 /* GaussianExplorationSheet.swift in Sources */ = {isa = PBXBuildFile; fileRef = F91000000000000000000006 /* GaussianExplorationSheet.swift */; };
		E02BE2F74F604D3FB8A8AF49 /* VisionClassroomAnalyzer.swift in Sources */ = {isa = PBXBuildFile; fileRef = 49551A8FD3C24FC099B69B62 /* VisionClassroomAnalyzer.swift */; };
		B20000000000000000000001 /* VisionPeopleObservation.swift in Sources */ = {isa = PBXBuildFile; fileRef = B20000000000000000000002 /* VisionPeopleObservation.swift */; };
		19C1D2C6C482454BB2A3FF11 /* UnterrichtsvideographieApp.swift in Sources */ = {isa = PBXBuildFile; fileRef = 2F00CA048E044F839F591E36 /* UnterrichtsvideographieApp.swift */; };
		F3C37036F0E246D782327D52 /* RootTabView.swift in Sources */ = {isa = PBXBuildFile; fileRef = A1CD2791E65549EFB33B43B2 /* RootTabView.swift */; };
		C60000000000000000000001 /* NativeTheme.swift in Sources */ = {isa = PBXBuildFile; fileRef = C60000000000000000000002 /* NativeTheme.swift */; };
		B6E9DD2C0470426DB52011B0 /* AppStore.swift in Sources */ = {isa = PBXBuildFile; fileRef = 7C4BB85670084E1A8C3CE021 /* AppStore.swift */; };
		B10000000000000000000001 /* BuildIdentity.swift in Sources */ = {isa = PBXBuildFile; fileRef = B10000000000000000000002 /* BuildIdentity.swift */; };
		B20000000000000000000003 /* MediaInspector.swift in Sources */ = {isa = PBXBuildFile; fileRef = B20000000000000000000004 /* MediaInspector.swift */; };
		F20000000000000000000005 /* AppStore+Recording.swift in Sources */ = {isa = PBXBuildFile; fileRef = F20000000000000000000006 /* AppStore+Recording.swift */; };
		B20000000000000000000007 /* AppStore+RecordingRecovery.swift in Sources */ = {isa = PBXBuildFile; fileRef = B20000000000000000000008 /* AppStore+RecordingRecovery.swift */; };
		F20000000000000000000007 /* AppStore+Export.swift in Sources */ = {isa = PBXBuildFile; fileRef = F20000000000000000000008 /* AppStore+Export.swift */; };
		F20000000000000000000009 /* AppStore+Persistence.swift in Sources */ = {isa = PBXBuildFile; fileRef = F2000000000000000000000A /* AppStore+Persistence.swift */; };
		F20000000000000000000011 /* AppStore+Media.swift in Sources */ = {isa = PBXBuildFile; fileRef = F20000000000000000000012 /* AppStore+Media.swift */; };
		F2000000000000000000000B /* AppStore+RecordingAttachment.swift in Sources */ = {isa = PBXBuildFile; fileRef = F2000000000000000000000C /* AppStore+RecordingAttachment.swift */; };
		F2000000000000000000000D /* BuildProvenanceFactory.swift in Sources */ = {isa = PBXBuildFile; fileRef = F2000000000000000000000E /* BuildProvenanceFactory.swift */; };
		D6E753001548451C8D25B42A /* MotionService.swift in Sources */ = {isa = PBXBuildFile; fileRef = 733E46B1A35B4C8B8182F7CB /* MotionService.swift */; };
		822CE454DD44477ABE7F9B7C /* FrameSampler.swift in Sources */ = {isa = PBXBuildFile; fileRef = 3DB49510114C404088588E45 /* FrameSampler.swift */; };
		213D8C9F6A2A44FB96B6FA3C /* LiveStore.swift in Sources */ = {isa = PBXBuildFile; fileRef = 0959A88EA50D4CCDB04E209D /* LiveStore.swift */; };
		C30000000000000000000001 /* LiveStore+Lifecycle.swift in Sources */ = {isa = PBXBuildFile; fileRef = C30000000000000000000002 /* LiveStore+Lifecycle.swift */; };
		C30000000000000000000003 /* LiveStore+RecordingEvents.swift in Sources */ = {isa = PBXBuildFile; fileRef = C30000000000000000000004 /* LiveStore+RecordingEvents.swift */; };
		C30000000000000000000005 /* LiveStore+RecordingRecovery.swift in Sources */ = {isa = PBXBuildFile; fileRef = C30000000000000000000006 /* LiveStore+RecordingRecovery.swift */; };
		C30000000000000000000007 /* LiveStore+Guidance.swift in Sources */ = {isa = PBXBuildFile; fileRef = C30000000000000000000008 /* LiveStore+Guidance.swift */; };
		C30000000000000000000009 /* LiveStore+RuntimeSupport.swift in Sources */ = {isa = PBXBuildFile; fileRef = C3000000000000000000000A /* LiveStore+RuntimeSupport.swift */; };
		C3000000000000000000000B /* LiveStore+LiveControl.swift in Sources */ = {isa = PBXBuildFile; fileRef = C3000000000000000000000C /* LiveStore+LiveControl.swift */; };
		F20000000000000000000003 /* CaptureSessionController.swift in Sources */ = {isa = PBXBuildFile; fileRef = F20000000000000000000004 /* CaptureSessionController.swift */; };
		C40000000000000000000001 /* CaptureSessionController+Audio.swift in Sources */ = {isa = PBXBuildFile; fileRef = C40000000000000000000002 /* CaptureSessionController+Audio.swift */; };
		C40000000000000000000003 /* CaptureSessionController+Capacity.swift in Sources */ = {isa = PBXBuildFile; fileRef = C40000000000000000000004 /* CaptureSessionController+Capacity.swift */; };
		C40000000000000000000005 /* CaptureSessionController+Configuration.swift in Sources */ = {isa = PBXBuildFile; fileRef = C40000000000000000000006 /* CaptureSessionController+Configuration.swift */; };
		C40000000000000000000007 /* CaptureSessionController+Recording.swift in Sources */ = {isa = PBXBuildFile; fileRef = C40000000000000000000008 /* CaptureSessionController+Recording.swift */; };
		3FE9D30074ED46338A7358B4 /* CameraPreviewView.swift in Sources */ = {isa = PBXBuildFile; fileRef = 4EC63B0127CA443491350E12 /* CameraPreviewView.swift */; };
		92806ED3D2F94FE797A64197 /* LiveGuidanceView.swift in Sources */ = {isa = PBXBuildFile; fileRef = B488891DAAED4E9B816C1B50 /* LiveGuidanceView.swift */; };
		D50000000000000000000001 /* LiveGuidanceView+Evidence.swift in Sources */ = {isa = PBXBuildFile; fileRef = D50000000000000000000002 /* LiveGuidanceView+Evidence.swift */; };
		D50000000000000000000003 /* PrioritizedTipRow.swift in Sources */ = {isa = PBXBuildFile; fileRef = D50000000000000000000004 /* PrioritizedTipRow.swift */; };
		D50000000000000000000005 /* LiveGuidanceView+Preview.swift in Sources */ = {isa = PBXBuildFile; fileRef = D50000000000000000000006 /* LiveGuidanceView+Preview.swift */; };
		D50000000000000000000009 /* SpokenAudioCheckModel.swift in Sources */ = {isa = PBXBuildFile; fileRef = D5000000000000000000000A /* SpokenAudioCheckModel.swift */; };
		D5000000000000000000000B /* SpokenAudioCheckModel+Presentation.swift in Sources */ = {isa = PBXBuildFile; fileRef = D5000000000000000000000C /* SpokenAudioCheckModel+Presentation.swift */; };
		D5000000000000000000000D /* SpokenAudioCheckModel+Recording.swift in Sources */ = {isa = PBXBuildFile; fileRef = D5000000000000000000000E /* SpokenAudioCheckModel+Recording.swift */; };
		D5000000000000000000000F /* SpokenAudioCheckModel+Storage.swift in Sources */ = {isa = PBXBuildFile; fileRef = D50000000000000000000010 /* SpokenAudioCheckModel+Storage.swift */; };
		EE61C4CAF97F4F5FB297D7ED /* LearnRootView.swift in Sources */ = {isa = PBXBuildFile; fileRef = 2CED726539E24BE784030D68 /* LearnRootView.swift */; };
		B5007726E4BC4571B2339AED /* SetupView.swift in Sources */ = {isa = PBXBuildFile; fileRef = C4B96B7E9F0B411C80136746 /* SetupView.swift */; };
		F10000000000000000000001 /* SetupView+FormState.swift in Sources */ = {isa = PBXBuildFile; fileRef = F10000000000000000000002 /* SetupView+FormState.swift */; };
		17AA7375ECA346B7803CDD96 /* ReflectView.swift in Sources */ = {isa = PBXBuildFile; fileRef = FFDECC799734445AB773C773 /* ReflectView.swift */; };
		D50000000000000000000011 /* ReflectView+Content.swift in Sources */ = {isa = PBXBuildFile; fileRef = D50000000000000000000012 /* ReflectView+Content.swift */; };
		ECDEB2883D9F458887D53FDF /* Assets.xcassets in Resources */ = {isa = PBXBuildFile; fileRef = 2F803C960F5746C5875B94AC /* Assets.xcassets */; };
		47E1F033EB38487FADDCC749 /* GuidanceEngine in Frameworks */ = {isa = PBXBuildFile; productRef = EFB4890CB54747488FC7A733 /* GuidanceEngine */; };
		E60000000000000000000001 /* ExperimentalResearch in Frameworks */ = {isa = PBXBuildFile; productRef = E60000000000000000000002 /* ExperimentalResearch */; };
		A71000000000000000000003 /* CaptureEventBoundaryTests.swift in Sources */ = {isa = PBXBuildFile; fileRef = A71000000000000000000001 /* CaptureEventBoundaryTests.swift */; };
		A71000000000000000000004 /* Unterrichtsvideographie.app in Frameworks */ = {isa = PBXBuildFile; fileRef = EEA4598008934D319CB064CF /* Unterrichtsvideographie.app */; };
		F6C0986CA4704B468D29775B /* LearnContent in Frameworks */ = {isa = PBXBuildFile; productRef = 9E971A4E08B54DC39E7887A3 /* LearnContent */; };
		09AAFDFB258040C5977E1002 /* SessionCore in Frameworks */ = {isa = PBXBuildFile; productRef = F28C8D8333E849D99BBD72E5 /* SessionCore */; };
		E10000000000000000000001 /* ProvenanceBar.swift in Sources */ = {isa = PBXBuildFile; fileRef = E10000000000000000000002 /* ProvenanceBar.swift */; };
		E10000000000000000000003 /* AboutView.swift in Sources */ = {isa = PBXBuildFile; fileRef = E10000000000000000000004 /* AboutView.swift */; };
		E10000000000000000000005 /* SetupView+SessionForm.swift in Sources */ = {isa = PBXBuildFile; fileRef = E10000000000000000000006 /* SetupView+SessionForm.swift */; };
		E10000000000000000000007 /* SetupView+ConsentMode.swift in Sources */ = {isa = PBXBuildFile; fileRef = E10000000000000000000008 /* SetupView+ConsentMode.swift */; };
		E10000000000000000000009 /* SetupView+SessionsList.swift in Sources */ = {isa = PBXBuildFile; fileRef = E1000000000000000000000A /* SetupView+SessionsList.swift */; };
		E1000000000000000000000B /* LiveGuidanceView+Chrome.swift in Sources */ = {isa = PBXBuildFile; fileRef = E1000000000000000000000C /* LiveGuidanceView+Chrome.swift */; };
		E1000000000000000000000F /* ReflectView+Export.swift in Sources */ = {isa = PBXBuildFile; fileRef = E10000000000000000000010 /* ReflectView+Export.swift */; };
		E10000000000000000000011 /* ReflectView+Playback.swift in Sources */ = {isa = PBXBuildFile; fileRef = E10000000000000000000012 /* ReflectView+Playback.swift */; };
		E10000000000000000000013 /* FieldInstrumentComponents.swift in Sources */ = {isa = PBXBuildFile; fileRef = E10000000000000000000014 /* FieldInstrumentComponents.swift */; };
		E10000000000000000000015 /* FieldInstrumentTabBar.swift in Sources */ = {isa = PBXBuildFile; fileRef = E10000000000000000000016 /* FieldInstrumentTabBar.swift */; };
		398874911B1F220853E342B6 /* ReflectionPlaybackModel.swift in Sources */ = {isa = PBXBuildFile; fileRef = 00BFCDC6D974A2E0295355B8 /* ReflectionPlaybackModel.swift */; };
		C0CA295F5C9EFE61C8DAC315 /* ReflectionPresentationTests.swift in Sources */ = {isa = PBXBuildFile; fileRef = CA8A575301B614780DF0261F /* ReflectionPresentationTests.swift */; };
		45442D376C44457AC10FD113 /* AppStoreOptimizationTests.swift in Sources */ = {isa = PBXBuildFile; fileRef = 23FBE719D2B1429688DB553F /* AppStoreOptimizationTests.swift */; };
		F20000000000000000000013 /* ExportOutcomeDurabilityTests.swift in Sources */ = {isa = PBXBuildFile; fileRef = F20000000000000000000014 /* ExportOutcomeDurabilityTests.swift */; };
		A92000000000000000000002 /* ScientificVideoSnapshotTests.swift in Sources */ = {isa = PBXBuildFile; fileRef = A92000000000000000000001 /* ScientificVideoSnapshotTests.swift */; };
		A92000000000000000000004 /* ReflectionAnnotationValidationTests.swift in Sources */ = {isa = PBXBuildFile; fileRef = A92000000000000000000003 /* ReflectionAnnotationValidationTests.swift */; };
		A92000000000000000000006 /* BuildProvenanceFactoryTests.swift in Sources */ = {isa = PBXBuildFile; fileRef = A92000000000000000000005 /* BuildProvenanceFactoryTests.swift */; };
		C50000000000000000000001 /* RecordingTransaction.swift in Sources */ = {isa = PBXBuildFile; fileRef = C50000000000000000000002 /* RecordingTransaction.swift */; };
		C50000000000000000000003 /* MotionGuidanceCadence.swift in Sources */ = {isa = PBXBuildFile; fileRef = C50000000000000000000004 /* MotionGuidanceCadence.swift */; };
		C50000000000000000000005 /* SessionStore+RecordingArtifactSecuring.swift in Sources */ = {isa = PBXBuildFile; fileRef = C50000000000000000000006 /* SessionStore+RecordingArtifactSecuring.swift */; };
/* End PBXBuildFile section */


/* Begin PBXFileReference section */
		F91000000000000000000002 /* GaussianFrameGenerator.swift */ = {isa = PBXFileReference; lastKnownFileType = sourcecode.swift; path = GaussianFrameGenerator.swift; sourceTree = "<group>"; };
		F91000000000000000000004 /* GaussianMetalView.swift */ = {isa = PBXFileReference; lastKnownFileType = sourcecode.swift; path = GaussianMetalView.swift; sourceTree = "<group>"; };
		F91000000000000000000006 /* GaussianExplorationSheet.swift */ = {isa = PBXFileReference; lastKnownFileType = sourcecode.swift; path = GaussianExplorationSheet.swift; sourceTree = "<group>"; };
		49551A8FD3C24FC099B69B62 /* VisionClassroomAnalyzer.swift */ = {isa = PBXFileReference; lastKnownFileType = sourcecode.swift; path = VisionClassroomAnalyzer.swift; sourceTree = "<group>"; };
		B20000000000000000000002 /* VisionPeopleObservation.swift */ = {isa = PBXFileReference; lastKnownFileType = sourcecode.swift; path = VisionPeopleObservation.swift; sourceTree = "<group>"; };
		EEA4598008934D319CB064CF /* Unterrichtsvideographie.app */ = {isa = PBXFileReference; explicitFileType = wrapper.application; includeInIndex = 0; path = Unterrichtsvideographie.app; sourceTree = BUILT_PRODUCTS_DIR; };
		2F00CA048E044F839F591E36 /* UnterrichtsvideographieApp.swift */ = {isa = PBXFileReference; lastKnownFileType = sourcecode.swift; path = UnterrichtsvideographieApp.swift; sourceTree = "<group>"; };
		A1CD2791E65549EFB33B43B2 /* RootTabView.swift */ = {isa = PBXFileReference; lastKnownFileType = sourcecode.swift; path = RootTabView.swift; sourceTree = "<group>"; };
		C60000000000000000000002 /* NativeTheme.swift */ = {isa = PBXFileReference; lastKnownFileType = sourcecode.swift; path = NativeTheme.swift; sourceTree = "<group>"; };
		7C4BB85670084E1A8C3CE021 /* AppStore.swift */ = {isa = PBXFileReference; lastKnownFileType = sourcecode.swift; path = AppStore.swift; sourceTree = "<group>"; };
		B10000000000000000000002 /* BuildIdentity.swift */ = {isa = PBXFileReference; lastKnownFileType = sourcecode.swift; path = BuildIdentity.swift; sourceTree = "<group>"; };
		B20000000000000000000004 /* MediaInspector.swift */ = {isa = PBXFileReference; lastKnownFileType = sourcecode.swift; path = MediaInspector.swift; sourceTree = "<group>"; };
		F20000000000000000000006 /* AppStore+Recording.swift */ = {isa = PBXFileReference; lastKnownFileType = sourcecode.swift; path = "AppStore+Recording.swift"; sourceTree = "<group>"; };
		B20000000000000000000008 /* AppStore+RecordingRecovery.swift */ = {isa = PBXFileReference; lastKnownFileType = sourcecode.swift; path = "AppStore+RecordingRecovery.swift"; sourceTree = "<group>"; };
		F20000000000000000000008 /* AppStore+Export.swift */ = {isa = PBXFileReference; lastKnownFileType = sourcecode.swift; path = "AppStore+Export.swift"; sourceTree = "<group>"; };
		F2000000000000000000000A /* AppStore+Persistence.swift */ = {isa = PBXFileReference; lastKnownFileType = sourcecode.swift; path = "AppStore+Persistence.swift"; sourceTree = "<group>"; };
		F20000000000000000000012 /* AppStore+Media.swift */ = {isa = PBXFileReference; lastKnownFileType = sourcecode.swift; path = "AppStore+Media.swift"; sourceTree = "<group>"; };
		F2000000000000000000000C /* AppStore+RecordingAttachment.swift */ = {isa = PBXFileReference; lastKnownFileType = sourcecode.swift; path = "AppStore+RecordingAttachment.swift"; sourceTree = "<group>"; };
		F2000000000000000000000E /* BuildProvenanceFactory.swift */ = {isa = PBXFileReference; lastKnownFileType = sourcecode.swift; path = BuildProvenanceFactory.swift; sourceTree = "<group>"; };
		733E46B1A35B4C8B8182F7CB /* MotionService.swift */ = {isa = PBXFileReference; lastKnownFileType = sourcecode.swift; path = MotionService.swift; sourceTree = "<group>"; };
		3DB49510114C404088588E45 /* FrameSampler.swift */ = {isa = PBXFileReference; lastKnownFileType = sourcecode.swift; path = FrameSampler.swift; sourceTree = "<group>"; };
		0959A88EA50D4CCDB04E209D /* LiveStore.swift */ = {isa = PBXFileReference; lastKnownFileType = sourcecode.swift; path = LiveStore.swift; sourceTree = "<group>"; };
		C30000000000000000000002 /* LiveStore+Lifecycle.swift */ = {isa = PBXFileReference; lastKnownFileType = sourcecode.swift; path = "LiveStore+Lifecycle.swift"; sourceTree = "<group>"; };
		C30000000000000000000004 /* LiveStore+RecordingEvents.swift */ = {isa = PBXFileReference; lastKnownFileType = sourcecode.swift; path = "LiveStore+RecordingEvents.swift"; sourceTree = "<group>"; };
		C30000000000000000000006 /* LiveStore+RecordingRecovery.swift */ = {isa = PBXFileReference; lastKnownFileType = sourcecode.swift; path = "LiveStore+RecordingRecovery.swift"; sourceTree = "<group>"; };
		C30000000000000000000008 /* LiveStore+Guidance.swift */ = {isa = PBXFileReference; lastKnownFileType = sourcecode.swift; path = "LiveStore+Guidance.swift"; sourceTree = "<group>"; };
		C3000000000000000000000A /* LiveStore+RuntimeSupport.swift */ = {isa = PBXFileReference; lastKnownFileType = sourcecode.swift; path = "LiveStore+RuntimeSupport.swift"; sourceTree = "<group>"; };
		C3000000000000000000000C /* LiveStore+LiveControl.swift */ = {isa = PBXFileReference; lastKnownFileType = sourcecode.swift; path = "LiveStore+LiveControl.swift"; sourceTree = "<group>"; };
		F20000000000000000000004 /* CaptureSessionController.swift */ = {isa = PBXFileReference; lastKnownFileType = sourcecode.swift; path = CaptureSessionController.swift; sourceTree = "<group>"; };
		C40000000000000000000002 /* CaptureSessionController+Audio.swift */ = {isa = PBXFileReference; lastKnownFileType = sourcecode.swift; path = "CaptureSessionController+Audio.swift"; sourceTree = "<group>"; };
		C40000000000000000000004 /* CaptureSessionController+Capacity.swift */ = {isa = PBXFileReference; lastKnownFileType = sourcecode.swift; path = "CaptureSessionController+Capacity.swift"; sourceTree = "<group>"; };
		C40000000000000000000006 /* CaptureSessionController+Configuration.swift */ = {isa = PBXFileReference; lastKnownFileType = sourcecode.swift; path = "CaptureSessionController+Configuration.swift"; sourceTree = "<group>"; };
		C40000000000000000000008 /* CaptureSessionController+Recording.swift */ = {isa = PBXFileReference; lastKnownFileType = sourcecode.swift; path = "CaptureSessionController+Recording.swift"; sourceTree = "<group>"; };
		4EC63B0127CA443491350E12 /* CameraPreviewView.swift */ = {isa = PBXFileReference; lastKnownFileType = sourcecode.swift; path = CameraPreviewView.swift; sourceTree = "<group>"; };
		B488891DAAED4E9B816C1B50 /* LiveGuidanceView.swift */ = {isa = PBXFileReference; lastKnownFileType = sourcecode.swift; path = LiveGuidanceView.swift; sourceTree = "<group>"; };
		D50000000000000000000002 /* LiveGuidanceView+Evidence.swift */ = {isa = PBXFileReference; lastKnownFileType = sourcecode.swift; path = "LiveGuidanceView+Evidence.swift"; sourceTree = "<group>"; };
		D50000000000000000000004 /* PrioritizedTipRow.swift */ = {isa = PBXFileReference; lastKnownFileType = sourcecode.swift; path = PrioritizedTipRow.swift; sourceTree = "<group>"; };
		D50000000000000000000006 /* LiveGuidanceView+Preview.swift */ = {isa = PBXFileReference; lastKnownFileType = sourcecode.swift; path = "LiveGuidanceView+Preview.swift"; sourceTree = "<group>"; };
		D5000000000000000000000A /* SpokenAudioCheckModel.swift */ = {isa = PBXFileReference; lastKnownFileType = sourcecode.swift; path = SpokenAudioCheckModel.swift; sourceTree = "<group>"; };
		D5000000000000000000000C /* SpokenAudioCheckModel+Presentation.swift */ = {isa = PBXFileReference; lastKnownFileType = sourcecode.swift; path = "SpokenAudioCheckModel+Presentation.swift"; sourceTree = "<group>"; };
		D5000000000000000000000E /* SpokenAudioCheckModel+Recording.swift */ = {isa = PBXFileReference; lastKnownFileType = sourcecode.swift; path = "SpokenAudioCheckModel+Recording.swift"; sourceTree = "<group>"; };
		D50000000000000000000010 /* SpokenAudioCheckModel+Storage.swift */ = {isa = PBXFileReference; lastKnownFileType = sourcecode.swift; path = "SpokenAudioCheckModel+Storage.swift"; sourceTree = "<group>"; };
		2CED726539E24BE784030D68 /* LearnRootView.swift */ = {isa = PBXFileReference; lastKnownFileType = sourcecode.swift; path = LearnRootView.swift; sourceTree = "<group>"; };
		C4B96B7E9F0B411C80136746 /* SetupView.swift */ = {isa = PBXFileReference; lastKnownFileType = sourcecode.swift; path = SetupView.swift; sourceTree = "<group>"; };
		F10000000000000000000002 /* SetupView+FormState.swift */ = {isa = PBXFileReference; lastKnownFileType = sourcecode.swift; path = "SetupView+FormState.swift"; sourceTree = "<group>"; };
		FFDECC799734445AB773C773 /* ReflectView.swift */ = {isa = PBXFileReference; lastKnownFileType = sourcecode.swift; path = ReflectView.swift; sourceTree = "<group>"; };
		D50000000000000000000012 /* ReflectView+Content.swift */ = {isa = PBXFileReference; lastKnownFileType = sourcecode.swift; path = "ReflectView+Content.swift"; sourceTree = "<group>"; };
		2F803C960F5746C5875B94AC /* Assets.xcassets */ = {isa = PBXFileReference; lastKnownFileType = folder.assetcatalog; path = Assets.xcassets; sourceTree = "<group>"; };
		D353BCCEDE0D47AABECF5A5D /* Info.plist */ = {isa = PBXFileReference; lastKnownFileType = text.plist.xml; path = Info.plist; sourceTree = "<group>"; };
		E10000000000000000000002 /* ProvenanceBar.swift */ = {isa = PBXFileReference; lastKnownFileType = sourcecode.swift; path = "ProvenanceBar.swift"; sourceTree = "<group>"; };
		E10000000000000000000004 /* AboutView.swift */ = {isa = PBXFileReference; lastKnownFileType = sourcecode.swift; path = "AboutView.swift"; sourceTree = "<group>"; };
		E10000000000000000000006 /* SetupView+SessionForm.swift */ = {isa = PBXFileReference; lastKnownFileType = sourcecode.swift; path = "SetupView+SessionForm.swift"; sourceTree = "<group>"; };
		E10000000000000000000008 /* SetupView+ConsentMode.swift */ = {isa = PBXFileReference; lastKnownFileType = sourcecode.swift; path = "SetupView+ConsentMode.swift"; sourceTree = "<group>"; };
		E1000000000000000000000A /* SetupView+SessionsList.swift */ = {isa = PBXFileReference; lastKnownFileType = sourcecode.swift; path = "SetupView+SessionsList.swift"; sourceTree = "<group>"; };
		E1000000000000000000000C /* LiveGuidanceView+Chrome.swift */ = {isa = PBXFileReference; lastKnownFileType = sourcecode.swift; path = "LiveGuidanceView+Chrome.swift"; sourceTree = "<group>"; };
		E10000000000000000000010 /* ReflectView+Export.swift */ = {isa = PBXFileReference; lastKnownFileType = sourcecode.swift; path = "ReflectView+Export.swift"; sourceTree = "<group>"; };
		E10000000000000000000012 /* ReflectView+Playback.swift */ = {isa = PBXFileReference; lastKnownFileType = sourcecode.swift; path = "ReflectView+Playback.swift"; sourceTree = "<group>"; };
		E10000000000000000000014 /* FieldInstrumentComponents.swift */ = {isa = PBXFileReference; lastKnownFileType = sourcecode.swift; path = "FieldInstrumentComponents.swift"; sourceTree = "<group>"; };
		E10000000000000000000016 /* FieldInstrumentTabBar.swift */ = {isa = PBXFileReference; lastKnownFileType = sourcecode.swift; path = "FieldInstrumentTabBar.swift"; sourceTree = "<group>"; };
		A71000000000000000000001 /* CaptureEventBoundaryTests.swift */ = {isa = PBXFileReference; lastKnownFileType = sourcecode.swift; path = CaptureEventBoundaryTests.swift; sourceTree = "<group>"; };
		A71000000000000000000002 /* UnterrichtsvideographieAppTests.xctest */ = {isa = PBXFileReference; explicitFileType = wrapper.cfbundle; includeInIndex = 0; path = UnterrichtsvideographieAppTests.xctest; sourceTree = BUILT_PRODUCTS_DIR; };
		00BFCDC6D974A2E0295355B8 /* ReflectionPlaybackModel.swift */ = {isa = PBXFileReference; lastKnownFileType = sourcecode.swift; path = "ReflectionPlaybackModel.swift"; sourceTree = "<group>"; };
		CA8A575301B614780DF0261F /* ReflectionPresentationTests.swift */ = {isa = PBXFileReference; lastKnownFileType = sourcecode.swift; path = "ReflectionPresentationTests.swift"; sourceTree = "<group>"; };
		23FBE719D2B1429688DB553F /* AppStoreOptimizationTests.swift */ = {isa = PBXFileReference; lastKnownFileType = sourcecode.swift; path = "AppStoreOptimizationTests.swift"; sourceTree = "<group>"; };
		F20000000000000000000014 /* ExportOutcomeDurabilityTests.swift */ = {isa = PBXFileReference; lastKnownFileType = sourcecode.swift; path = ExportOutcomeDurabilityTests.swift; sourceTree = "<group>"; };
		A92000000000000000000001 /* ScientificVideoSnapshotTests.swift */ = {isa = PBXFileReference; lastKnownFileType = sourcecode.swift; path = "ScientificVideoSnapshotTests.swift"; sourceTree = "<group>"; };
		A92000000000000000000003 /* ReflectionAnnotationValidationTests.swift */ = {isa = PBXFileReference; lastKnownFileType = sourcecode.swift; path = "ReflectionAnnotationValidationTests.swift"; sourceTree = "<group>"; };
		A92000000000000000000005 /* BuildProvenanceFactoryTests.swift */ = {isa = PBXFileReference; lastKnownFileType = sourcecode.swift; path = BuildProvenanceFactoryTests.swift; sourceTree = "<group>"; };
		C50000000000000000000002 /* RecordingTransaction.swift */ = {isa = PBXFileReference; lastKnownFileType = sourcecode.swift; path = RecordingTransaction.swift; sourceTree = "<group>"; };
		C50000000000000000000004 /* MotionGuidanceCadence.swift */ = {isa = PBXFileReference; lastKnownFileType = sourcecode.swift; path = MotionGuidanceCadence.swift; sourceTree = "<group>"; };
		C50000000000000000000006 /* SessionStore+RecordingArtifactSecuring.swift */ = {isa = PBXFileReference; lastKnownFileType = sourcecode.swift; path = "SessionStore+RecordingArtifactSecuring.swift"; sourceTree = "<group>"; };
/* End PBXFileReference section */

/* Begin PBXFrameworksBuildPhase section */
		680AFC50FF40407182439E8B /* Frameworks */ = {
			isa = PBXFrameworksBuildPhase;
			buildActionMask = 2147483647;
			files = (
				47E1F033EB38487FADDCC749 /* GuidanceEngine in Frameworks */,
				E60000000000000000000001 /* ExperimentalResearch in Frameworks */,
				F6C0986CA4704B468D29775B /* LearnContent in Frameworks */,
				09AAFDFB258040C5977E1002 /* SessionCore in Frameworks */,
			);
			runOnlyForDeploymentPostprocessing = 0;
		};
		A7100000000000000000000A /* Frameworks */ = {
			isa = PBXFrameworksBuildPhase;
			buildActionMask = 2147483647;
			files = (
				A71000000000000000000004 /* Unterrichtsvideographie.app in Frameworks */,
			);
			runOnlyForDeploymentPostprocessing = 0;
		};
/* End PBXFrameworksBuildPhase section */

/* Begin PBXGroup section */
		825AEE822785421F964E96DF = {
			isa = PBXGroup;
			children = (
				C75ABC63C0FF42EFAB118110 /* Unterrichtsvideographie */,
				A71000000000000000000008 /* UnterrichtsvideographieAppTests */,
				4866AE2BB5FF43F2A8CED030 /* Products */,
			);
			sourceTree = "<group>";
		};
		4866AE2BB5FF43F2A8CED030 /* Products */ = {
			isa = PBXGroup;
			children = (
				EEA4598008934D319CB064CF /* Unterrichtsvideographie.app */,
				A71000000000000000000002 /* UnterrichtsvideographieAppTests.xctest */,
			);
			name = Products;
			sourceTree = "<group>";
		};
		A71000000000000000000008 /* UnterrichtsvideographieAppTests */ = {
			isa = PBXGroup;
			children = (
				23FBE719D2B1429688DB553F /* AppStoreOptimizationTests.swift */,
				F20000000000000000000014 /* ExportOutcomeDurabilityTests.swift */,
				CA8A575301B614780DF0261F /* ReflectionPresentationTests.swift */,
				A92000000000000000000003 /* ReflectionAnnotationValidationTests.swift */,
				A92000000000000000000005 /* BuildProvenanceFactoryTests.swift */,
				A92000000000000000000001 /* ScientificVideoSnapshotTests.swift */,
				A71000000000000000000001 /* CaptureEventBoundaryTests.swift */,
			);
			path = UnterrichtsvideographieAppTests;
			sourceTree = "<group>";
		};
		C75ABC63C0FF42EFAB118110 /* Unterrichtsvideographie */ = {
			isa = PBXGroup;
			children = (
				2F00CA048E044F839F591E36 /* UnterrichtsvideographieApp.swift */,
				A1CD2791E65549EFB33B43B2 /* RootTabView.swift */,
				C60000000000000000000002 /* NativeTheme.swift */,
				E10000000000000000000020 /* Design */,
				E10000000000000000000021 /* Info */,
				E20000000000000000000001 /* Application */,
				E20000000000000000000002 /* Capture */,
				B10000000000000000000002 /* BuildIdentity.swift */,
				1CB41204F367427785C15B3C /* Live */,
				7586B0B0466E48C99F53F266 /* Learn */,
				FC430C2D0D974CD18FFF5B3F /* Setup */,
				D9CA947DC0B948AAB5F30A75 /* Reflect */,
				2F803C960F5746C5875B94AC /* Assets.xcassets */,
				D353BCCEDE0D47AABECF5A5D /* Info.plist */,
			);
			path = Unterrichtsvideographie;
			sourceTree = "<group>";
		};
		E20000000000000000000001 /* Application */ = {
			isa = PBXGroup;
			children = (
				7C4BB85670084E1A8C3CE021 /* AppStore.swift */,
				B20000000000000000000004 /* MediaInspector.swift */,
				F20000000000000000000006 /* AppStore+Recording.swift */,
				B20000000000000000000008 /* AppStore+RecordingRecovery.swift */,
				F20000000000000000000008 /* AppStore+Export.swift */,
				F2000000000000000000000A /* AppStore+Persistence.swift */,
				F20000000000000000000012 /* AppStore+Media.swift */,
				F2000000000000000000000C /* AppStore+RecordingAttachment.swift */,
				F2000000000000000000000E /* BuildProvenanceFactory.swift */,
				C50000000000000000000006 /* SessionStore+RecordingArtifactSecuring.swift */,
			);
			path = Application;
			sourceTree = "<group>";
		};
		E20000000000000000000002 /* Capture */ = {
			isa = PBXGroup;
			children = (
				49551A8FD3C24FC099B69B62 /* VisionClassroomAnalyzer.swift */,
				B20000000000000000000002 /* VisionPeopleObservation.swift */,
				733E46B1A35B4C8B8182F7CB /* MotionService.swift */,
				3DB49510114C404088588E45 /* FrameSampler.swift */,
				0959A88EA50D4CCDB04E209D /* LiveStore.swift */,
				C30000000000000000000002 /* LiveStore+Lifecycle.swift */,
				C30000000000000000000004 /* LiveStore+RecordingEvents.swift */,
				C30000000000000000000006 /* LiveStore+RecordingRecovery.swift */,
				C30000000000000000000008 /* LiveStore+Guidance.swift */,
				C3000000000000000000000A /* LiveStore+RuntimeSupport.swift */,
				C3000000000000000000000C /* LiveStore+LiveControl.swift */,
				F20000000000000000000004 /* CaptureSessionController.swift */,
				C40000000000000000000002 /* CaptureSessionController+Audio.swift */,
				C40000000000000000000004 /* CaptureSessionController+Capacity.swift */,
				C40000000000000000000006 /* CaptureSessionController+Configuration.swift */,
				C40000000000000000000008 /* CaptureSessionController+Recording.swift */,
				C50000000000000000000002 /* RecordingTransaction.swift */,
				C50000000000000000000004 /* MotionGuidanceCadence.swift */,
				C50000000000000000000007 /* SpokenAudioCheck */,
			);
			path = Capture;
			sourceTree = "<group>";
		};
		C50000000000000000000007 /* SpokenAudioCheck */ = {
			isa = PBXGroup;
			children = (
				D5000000000000000000000A /* SpokenAudioCheckModel.swift */,
				D5000000000000000000000C /* SpokenAudioCheckModel+Presentation.swift */,
				D5000000000000000000000E /* SpokenAudioCheckModel+Recording.swift */,
				D50000000000000000000010 /* SpokenAudioCheckModel+Storage.swift */,
			);
			path = SpokenAudioCheck;
			sourceTree = "<group>";
		};
		1CB41204F367427785C15B3C /* Live */ = {
			isa = PBXGroup;
			children = (
				4EC63B0127CA443491350E12 /* CameraPreviewView.swift */,
				B488891DAAED4E9B816C1B50 /* LiveGuidanceView.swift */,
				E1000000000000000000000C /* LiveGuidanceView+Chrome.swift */,
				D50000000000000000000002 /* LiveGuidanceView+Evidence.swift */,
				D50000000000000000000004 /* PrioritizedTipRow.swift */,
				D50000000000000000000006 /* LiveGuidanceView+Preview.swift */,
			);
			path = Live;
			sourceTree = "<group>";
		};
		7586B0B0466E48C99F53F266 /* Learn */ = {
			isa = PBXGroup;
			children = (
				2CED726539E24BE784030D68 /* LearnRootView.swift */,
			);
			path = Learn;
			sourceTree = "<group>";
		};
		FC430C2D0D974CD18FFF5B3F /* Setup */ = {
			isa = PBXGroup;
			children = (
				C4B96B7E9F0B411C80136746 /* SetupView.swift */,
				F10000000000000000000002 /* SetupView+FormState.swift */,
				E10000000000000000000006 /* SetupView+SessionForm.swift */,
				E10000000000000000000008 /* SetupView+ConsentMode.swift */,
				E1000000000000000000000A /* SetupView+SessionsList.swift */,
			);
			path = Setup;
			sourceTree = "<group>";
		};
		D9CA947DC0B948AAB5F30A75 /* Reflect */ = {
			isa = PBXGroup;
			children = (
				F91000000000000000000002 /* GaussianFrameGenerator.swift */,
				F91000000000000000000004 /* GaussianMetalView.swift */,
				F91000000000000000000006 /* GaussianExplorationSheet.swift */,
				00BFCDC6D974A2E0295355B8 /* ReflectionPlaybackModel.swift */,
				FFDECC799734445AB773C773 /* ReflectView.swift */,
				D50000000000000000000012 /* ReflectView+Content.swift */,
				E10000000000000000000010 /* ReflectView+Export.swift */,
				E10000000000000000000012 /* ReflectView+Playback.swift */,
			);
			path = Reflect;
			sourceTree = "<group>";
		};
		E10000000000000000000020 /* Design */ = {
			isa = PBXGroup;
			children = (
				E10000000000000000000002 /* ProvenanceBar.swift */,
				E10000000000000000000016 /* FieldInstrumentTabBar.swift */,
				E10000000000000000000014 /* FieldInstrumentComponents.swift */,
			);
			path = Design;
			sourceTree = "<group>";
		};
		E10000000000000000000021 /* Info */ = {
			isa = PBXGroup;
			children = (
				E10000000000000000000004 /* AboutView.swift */,
			);
			path = Info;
			sourceTree = "<group>";
		};
/* End PBXGroup section */

/* Begin PBXContainerItemProxy section */
		A7100000000000000000000C /* PBXContainerItemProxy */ = {
			isa = PBXContainerItemProxy;
			containerPortal = 3C3C93E6BFA24452B655F2D0 /* Project object */;
			proxyType = 1;
			remoteGlobalIDString = 5B17D6145698478492242CB4;
			remoteInfo = Unterrichtsvideographie;
		};
/* End PBXContainerItemProxy section */

/* Begin PBXNativeTarget section */
		5B17D6145698478492242CB4 /* Unterrichtsvideographie */ = {
			isa = PBXNativeTarget;
			buildConfigurationList = DD4207164DE6431FBCFA3322 /* Build configuration list for PBXNativeTarget "Unterrichtsvideographie" */;
			buildPhases = (
				04D8D8A8673D453F88D5FD91 /* Sources */,
				680AFC50FF40407182439E8B /* Frameworks */,
				4898399C6BE0455D8B116714 /* Resources */,
				F91000000000000000000007 /* Bundle optional perspective model */,
			);
			buildRules = (
			);
			dependencies = (
			);
			name = Unterrichtsvideographie;
			packageProductDependencies = (
				EFB4890CB54747488FC7A733 /* GuidanceEngine */,
				E60000000000000000000002 /* ExperimentalResearch */,
				9E971A4E08B54DC39E7887A3 /* LearnContent */,
				F28C8D8333E849D99BBD72E5 /* SessionCore */,
			);
			productName = Unterrichtsvideographie;
			productReference = EEA4598008934D319CB064CF /* Unterrichtsvideographie.app */;
			productType = "com.apple.product-type.application";
		};
		A7100000000000000000000B /* UnterrichtsvideographieAppTests */ = {
			isa = PBXNativeTarget;
			buildConfigurationList = A71000000000000000000010 /* Build configuration list for PBXNativeTarget "UnterrichtsvideographieAppTests" */;
			buildPhases = (
				A71000000000000000000009 /* Sources */,
				A7100000000000000000000A /* Frameworks */,
			);
			buildRules = (
			);
			dependencies = (
				A7100000000000000000000D /* PBXTargetDependency */,
			);
			name = UnterrichtsvideographieAppTests;
			productName = UnterrichtsvideographieAppTests;
			productReference = A71000000000000000000002 /* UnterrichtsvideographieAppTests.xctest */;
			productType = "com.apple.product-type.bundle.unit-test";
		};
/* End PBXNativeTarget section */

/* Begin PBXTargetDependency section */
		A7100000000000000000000D /* PBXTargetDependency */ = {
			isa = PBXTargetDependency;
			target = 5B17D6145698478492242CB4 /* Unterrichtsvideographie */;
			targetProxy = A7100000000000000000000C /* PBXContainerItemProxy */;
		};
/* End PBXTargetDependency section */

/* Begin PBXProject section */
		3C3C93E6BFA24452B655F2D0 /* Project object */ = {
			isa = PBXProject;
			attributes = {
				BuildIndependentTargetsInParallel = 1;
				LastSwiftUpdateCheck = 1600;
				LastUpgradeCheck = 1600;
				TargetAttributes = {
					5B17D6145698478492242CB4 = {
						CreatedOnToolsVersion = 16.0;
					};
					A7100000000000000000000B = {
						CreatedOnToolsVersion = 16.0;
						TestTargetID = 5B17D6145698478492242CB4;
					};
				};
			};
			buildConfigurationList = C3C9DD0EE32248B382AF461B /* Build configuration list for PBXProject "Unterrichtsvideographie" */;
			compatibilityVersion = "Xcode 14.0";
			developmentRegion = de;
			hasScannedForEncodings = 0;
			knownRegions = (
				en,
				de,
				Base,
			);
			mainGroup = 825AEE822785421F964E96DF;
			packageReferences = (
				A49D709592214B05ABC256E2 /* XCLocalSwiftPackageReference "../" */,
			);
			productRefGroup = 4866AE2BB5FF43F2A8CED030 /* Products */;
			projectDirPath = "";
			projectRoot = "";
			targets = (
				5B17D6145698478492242CB4 /* Unterrichtsvideographie */,
				A7100000000000000000000B /* UnterrichtsvideographieAppTests */,
			);
		};
/* End PBXProject section */

/* Begin PBXResourcesBuildPhase section */
		4898399C6BE0455D8B116714 /* Resources */ = {
			isa = PBXResourcesBuildPhase;
			buildActionMask = 2147483647;
			files = (
				ECDEB2883D9F458887D53FDF /* Assets.xcassets in Resources */,
			);
			runOnlyForDeploymentPostprocessing = 0;
		};
/* End PBXResourcesBuildPhase section */

/* Begin PBXShellScriptBuildPhase section */
		F91000000000000000000007 /* Bundle optional perspective model */ = {
			isa = PBXShellScriptBuildPhase;
			alwaysOutOfDate = 1;
			buildActionMask = 2147483647;
			files = ();
			inputPaths = ();
			name = "Bundle optional perspective model";
			outputPaths = ();
			runOnlyForDeploymentPostprocessing = 0;
			shellPath = /bin/sh;
			shellScript = "set -eu\n/usr/bin/python3 \"$SRCROOT/../scripts/bundle_gaussian_model.py\" \"$TARGET_BUILD_DIR/$UNLOCALIZED_RESOURCES_FOLDER_PATH\"\n";
		};
/* End PBXShellScriptBuildPhase section */

/* Begin PBXSourcesBuildPhase section */
		04D8D8A8673D453F88D5FD91 /* Sources */ = {
			isa = PBXSourcesBuildPhase;
			buildActionMask = 2147483647;
			files = (
				F91000000000000000000001 /* GaussianFrameGenerator.swift in Sources */,
				F91000000000000000000003 /* GaussianMetalView.swift in Sources */,
				F91000000000000000000005 /* GaussianExplorationSheet.swift in Sources */,
				398874911B1F220853E342B6 /* ReflectionPlaybackModel.swift in Sources */,
				E02BE2F74F604D3FB8A8AF49 /* VisionClassroomAnalyzer.swift in Sources */,
				B20000000000000000000001 /* VisionPeopleObservation.swift in Sources */,
				19C1D2C6C482454BB2A3FF11 /* UnterrichtsvideographieApp.swift in Sources */,
				F3C37036F0E246D782327D52 /* RootTabView.swift in Sources */,
				C60000000000000000000001 /* NativeTheme.swift in Sources */,
				E10000000000000000000015 /* FieldInstrumentTabBar.swift in Sources */,
				E10000000000000000000013 /* FieldInstrumentComponents.swift in Sources */,
				E10000000000000000000001 /* ProvenanceBar.swift in Sources */,
				E10000000000000000000003 /* AboutView.swift in Sources */,
				E10000000000000000000005 /* SetupView+SessionForm.swift in Sources */,
				E10000000000000000000007 /* SetupView+ConsentMode.swift in Sources */,
				E10000000000000000000009 /* SetupView+SessionsList.swift in Sources */,
				E1000000000000000000000B /* LiveGuidanceView+Chrome.swift in Sources */,
				E1000000000000000000000F /* ReflectView+Export.swift in Sources */,
				E10000000000000000000011 /* ReflectView+Playback.swift in Sources */,
				B6E9DD2C0470426DB52011B0 /* AppStore.swift in Sources */,
				B20000000000000000000003 /* MediaInspector.swift in Sources */,
				F20000000000000000000005 /* AppStore+Recording.swift in Sources */,
				B20000000000000000000007 /* AppStore+RecordingRecovery.swift in Sources */,
				F20000000000000000000007 /* AppStore+Export.swift in Sources */,
				F20000000000000000000009 /* AppStore+Persistence.swift in Sources */,
				F20000000000000000000011 /* AppStore+Media.swift in Sources */,
				F2000000000000000000000B /* AppStore+RecordingAttachment.swift in Sources */,
				F2000000000000000000000D /* BuildProvenanceFactory.swift in Sources */,
				B10000000000000000000001 /* BuildIdentity.swift in Sources */,
				D6E753001548451C8D25B42A /* MotionService.swift in Sources */,
				822CE454DD44477ABE7F9B7C /* FrameSampler.swift in Sources */,
				213D8C9F6A2A44FB96B6FA3C /* LiveStore.swift in Sources */,
				C50000000000000000000001 /* RecordingTransaction.swift in Sources */,
				C50000000000000000000003 /* MotionGuidanceCadence.swift in Sources */,
				C50000000000000000000005 /* SessionStore+RecordingArtifactSecuring.swift in Sources */,
				C30000000000000000000001 /* LiveStore+Lifecycle.swift in Sources */,
				C30000000000000000000003 /* LiveStore+RecordingEvents.swift in Sources */,
				C30000000000000000000005 /* LiveStore+RecordingRecovery.swift in Sources */,
				C30000000000000000000007 /* LiveStore+Guidance.swift in Sources */,
				C30000000000000000000009 /* LiveStore+RuntimeSupport.swift in Sources */,
				C3000000000000000000000B /* LiveStore+LiveControl.swift in Sources */,
				F20000000000000000000003 /* CaptureSessionController.swift in Sources */,
				C40000000000000000000001 /* CaptureSessionController+Audio.swift in Sources */,
				C40000000000000000000003 /* CaptureSessionController+Capacity.swift in Sources */,
				C40000000000000000000005 /* CaptureSessionController+Configuration.swift in Sources */,
				C40000000000000000000007 /* CaptureSessionController+Recording.swift in Sources */,
				3FE9D30074ED46338A7358B4 /* CameraPreviewView.swift in Sources */,
				92806ED3D2F94FE797A64197 /* LiveGuidanceView.swift in Sources */,
				D50000000000000000000001 /* LiveGuidanceView+Evidence.swift in Sources */,
				D50000000000000000000003 /* PrioritizedTipRow.swift in Sources */,
				D50000000000000000000005 /* LiveGuidanceView+Preview.swift in Sources */,
				D50000000000000000000009 /* SpokenAudioCheckModel.swift in Sources */,
				D5000000000000000000000B /* SpokenAudioCheckModel+Presentation.swift in Sources */,
				D5000000000000000000000D /* SpokenAudioCheckModel+Recording.swift in Sources */,
				D5000000000000000000000F /* SpokenAudioCheckModel+Storage.swift in Sources */,
				EE61C4CAF97F4F5FB297D7ED /* LearnRootView.swift in Sources */,
				B5007726E4BC4571B2339AED /* SetupView.swift in Sources */,
				F10000000000000000000001 /* SetupView+FormState.swift in Sources */,
				17AA7375ECA346B7803CDD96 /* ReflectView.swift in Sources */,
				D50000000000000000000011 /* ReflectView+Content.swift in Sources */,
			);
			runOnlyForDeploymentPostprocessing = 0;
		};
		A71000000000000000000009 /* Sources */ = {
			isa = PBXSourcesBuildPhase;
			buildActionMask = 2147483647;
			files = (
				45442D376C44457AC10FD113 /* AppStoreOptimizationTests.swift in Sources */,
				F20000000000000000000013 /* ExportOutcomeDurabilityTests.swift in Sources */,
				C0CA295F5C9EFE61C8DAC315 /* ReflectionPresentationTests.swift in Sources */,
				A92000000000000000000004 /* ReflectionAnnotationValidationTests.swift in Sources */,
				A92000000000000000000006 /* BuildProvenanceFactoryTests.swift in Sources */,
				A92000000000000000000002 /* ScientificVideoSnapshotTests.swift in Sources */,
				A71000000000000000000003 /* CaptureEventBoundaryTests.swift in Sources */,
			);
			runOnlyForDeploymentPostprocessing = 0;
		};
/* End PBXSourcesBuildPhase section */


/* Begin XCBuildConfiguration section */
		CBF7A75DA51446E78E720058 /* Debug */ = {
			isa = XCBuildConfiguration;
			buildSettings = {
				ALWAYS_SEARCH_USER_PATHS = NO;
				CLANG_ENABLE_MODULES = YES;
				COPY_PHASE_STRIP = NO;
				DEBUG_INFORMATION_FORMAT = dwarf;
				GCC_DYNAMIC_NO_PIC = NO;
				IPHONEOS_DEPLOYMENT_TARGET = 17.0;
				ONLY_ACTIVE_ARCH = YES;
				SDKROOT = iphoneos;
				SWIFT_ACTIVE_COMPILATION_CONDITIONS = DEBUG;
				SWIFT_OPTIMIZATION_LEVEL = "-Onone";
				SWIFT_TREAT_WARNINGS_AS_ERRORS = YES;
			};
			name = Debug;
		};
		46E6096E06FF4EFBA6F928E6 /* Release */ = {
			isa = XCBuildConfiguration;
			buildSettings = {
				ALWAYS_SEARCH_USER_PATHS = NO;
				CLANG_ENABLE_MODULES = YES;
				IPHONEOS_DEPLOYMENT_TARGET = 17.0;
				SDKROOT = iphoneos;
				SWIFT_COMPILATION_MODE = wholemodule;
				SWIFT_TREAT_WARNINGS_AS_ERRORS = YES;
				VALIDATE_PRODUCT = YES;
			};
			name = Release;
		};
		E1A5DAEAD67149D789AFBCE7 /* Debug */ = {
			isa = XCBuildConfiguration;
			buildSettings = {
				ENABLE_USER_SCRIPT_SANDBOXING = NO;
				ASSETCATALOG_COMPILER_APPICON_NAME = AppIcon;
				CODE_SIGN_STYLE = Automatic;
				CURRENT_PROJECT_VERSION = 1;
				DEVELOPMENT_TEAM = "";
				ENABLE_TESTABILITY = YES;
				ENABLE_PREVIEWS = YES;
				GENERATE_INFOPLIST_FILE = NO;
				INFOPLIST_FILE = Unterrichtsvideographie/Info.plist;
				LD_RUNPATH_SEARCH_PATHS = (
					"$(inherited)",
					"@executable_path/Frameworks",
				);
				MARKETING_VERSION = 0.1.0;
				PRODUCT_BUNDLE_IDENTIFIER = de.videographie.Unterrichtsvideographie;
				PRODUCT_NAME = "$(TARGET_NAME)";
				SUPPORTED_PLATFORMS = "iphoneos iphonesimulator";
				SUPPORTS_MACCATALYST = NO;
				SWIFT_STRICT_CONCURRENCY = complete;
				SWIFT_EMIT_LOC_STRINGS = YES;
				SWIFT_VERSION = 5.0;
				TARGETED_DEVICE_FAMILY = "1,2";
			};
			name = Debug;
		};
		61C55499C1DB45B3A129DC68 /* Release */ = {
			isa = XCBuildConfiguration;
			buildSettings = {
				ENABLE_USER_SCRIPT_SANDBOXING = NO;
				ASSETCATALOG_COMPILER_APPICON_NAME = AppIcon;
				CODE_SIGN_STYLE = Automatic;
				CURRENT_PROJECT_VERSION = 1;
				DEVELOPMENT_TEAM = "";
				ENABLE_PREVIEWS = YES;
				GENERATE_INFOPLIST_FILE = NO;
				INFOPLIST_FILE = Unterrichtsvideographie/Info.plist;
				LD_RUNPATH_SEARCH_PATHS = (
					"$(inherited)",
					"@executable_path/Frameworks",
				);
				MARKETING_VERSION = 0.1.0;
				PRODUCT_BUNDLE_IDENTIFIER = de.videographie.Unterrichtsvideographie;
				PRODUCT_NAME = "$(TARGET_NAME)";
				SUPPORTED_PLATFORMS = "iphoneos iphonesimulator";
				SUPPORTS_MACCATALYST = NO;
				SWIFT_STRICT_CONCURRENCY = complete;
				SWIFT_EMIT_LOC_STRINGS = YES;
				SWIFT_VERSION = 5.0;
				TARGETED_DEVICE_FAMILY = "1,2";
			};
			name = Release;
		};
		A7100000000000000000000E /* Debug */ = {
			isa = XCBuildConfiguration;
			buildSettings = {
				BUNDLE_LOADER = "$(TEST_HOST)";
				CODE_SIGN_STYLE = Automatic;
				DEVELOPMENT_TEAM = "";
				GENERATE_INFOPLIST_FILE = YES;
				IPHONEOS_DEPLOYMENT_TARGET = 17.0;
				LD_RUNPATH_SEARCH_PATHS = (
					"$(inherited)",
					"@executable_path/Frameworks",
					"@loader_path/Frameworks",
				);
				PRODUCT_BUNDLE_IDENTIFIER = de.videographie.UnterrichtsvideographieAppTests;
				PRODUCT_NAME = "$(TARGET_NAME)";
				SDKROOT = iphoneos;
				SUPPORTED_PLATFORMS = "iphoneos iphonesimulator";
				SWIFT_STRICT_CONCURRENCY = complete;
				SWIFT_VERSION = 5.0;
				TARGETED_DEVICE_FAMILY = "1,2";
				TEST_HOST = "$(BUILT_PRODUCTS_DIR)/Unterrichtsvideographie.app/Unterrichtsvideographie";
			};
			name = Debug;
		};
		A7100000000000000000000F /* Release */ = {
			isa = XCBuildConfiguration;
			buildSettings = {
				BUNDLE_LOADER = "$(TEST_HOST)";
				CODE_SIGN_STYLE = Automatic;
				DEVELOPMENT_TEAM = "";
				GENERATE_INFOPLIST_FILE = YES;
				IPHONEOS_DEPLOYMENT_TARGET = 17.0;
				LD_RUNPATH_SEARCH_PATHS = (
					"$(inherited)",
					"@executable_path/Frameworks",
					"@loader_path/Frameworks",
				);
				PRODUCT_BUNDLE_IDENTIFIER = de.videographie.UnterrichtsvideographieAppTests;
				PRODUCT_NAME = "$(TARGET_NAME)";
				SDKROOT = iphoneos;
				SUPPORTED_PLATFORMS = "iphoneos iphonesimulator";
				SWIFT_STRICT_CONCURRENCY = complete;
				SWIFT_VERSION = 5.0;
				TARGETED_DEVICE_FAMILY = "1,2";
				TEST_HOST = "$(BUILT_PRODUCTS_DIR)/Unterrichtsvideographie.app/Unterrichtsvideographie";
			};
			name = Release;
		};
/* End XCBuildConfiguration section */

/* Begin XCConfigurationList section */
		C3C9DD0EE32248B382AF461B /* Build configuration list for PBXProject "Unterrichtsvideographie" */ = {
			isa = XCConfigurationList;
			buildConfigurations = (
				CBF7A75DA51446E78E720058 /* Debug */,
				46E6096E06FF4EFBA6F928E6 /* Release */,
			);
			defaultConfigurationIsVisible = 0;
			defaultConfigurationName = Release;
		};
		DD4207164DE6431FBCFA3322 /* Build configuration list for PBXNativeTarget "Unterrichtsvideographie" */ = {
			isa = XCConfigurationList;
			buildConfigurations = (
				E1A5DAEAD67149D789AFBCE7 /* Debug */,
				61C55499C1DB45B3A129DC68 /* Release */,
			);
			defaultConfigurationIsVisible = 0;
			defaultConfigurationName = Release;
		};
		A71000000000000000000010 /* Build configuration list for PBXNativeTarget "UnterrichtsvideographieAppTests" */ = {
			isa = XCConfigurationList;
			buildConfigurations = (
				A7100000000000000000000E /* Debug */,
				A7100000000000000000000F /* Release */,
			);
			defaultConfigurationIsVisible = 0;
			defaultConfigurationName = Release;
		};
/* End XCConfigurationList section */

/* Begin XCLocalSwiftPackageReference section */
		A49D709592214B05ABC256E2 /* XCLocalSwiftPackageReference "../" */ = {
			isa = XCLocalSwiftPackageReference;
			relativePath = ../;
		};
/* End XCLocalSwiftPackageReference section */

/* Begin XCSwiftPackageProductDependency section */
		EFB4890CB54747488FC7A733 /* GuidanceEngine */ = {
			isa = XCSwiftPackageProductDependency;
			package = A49D709592214B05ABC256E2 /* XCLocalSwiftPackageReference "../" */;
			productName = GuidanceEngine;
		};
		9E971A4E08B54DC39E7887A3 /* LearnContent */ = {
			isa = XCSwiftPackageProductDependency;
			package = A49D709592214B05ABC256E2 /* XCLocalSwiftPackageReference "../" */;
			productName = LearnContent;
		};
		F28C8D8333E849D99BBD72E5 /* SessionCore */ = {
			isa = XCSwiftPackageProductDependency;
			package = A49D709592214B05ABC256E2 /* XCLocalSwiftPackageReference "../" */;
			productName = SessionCore;
		};
		E60000000000000000000002 /* ExperimentalResearch */ = {
			isa = XCSwiftPackageProductDependency;
			package = A49D709592214B05ABC256E2 /* XCLocalSwiftPackageReference \"../\" */;
			productName = ExperimentalResearch;
		};
/* End XCSwiftPackageProductDependency section */
	};
	rootObject = 3C3C93E6BFA24452B655F2D0 /* Project object */;
}
